// !$*UTF8*$!
{
	archiveVersion = 1;
	classes = {
	};
	objectVersion = 50;
	objects = {

/* Begin PBXBuildFile section */
		98E6D48923DFFA5400C37E9F /* AppDelegate.swift in Sources */ = {isa = PBXBuildFile; fileRef = 98E6D48823DFFA5400C37E9F /* AppDelegate.swift */; };
		98E6D48B23DFFA5400C37E9F /* SceneDelegate.swift in Sources */ = {isa = PBXBuildFile; fileRef = 98E6D48A23DFFA5400C37E9F /* SceneDelegate.swift */; };
		98E6D48D23DFFA5400C37E9F /* ViewController.swift in Sources */ = {isa = PBXBuildFile; fileRef = 98E6D48C23DFFA5400C37E9F /* ViewController.swift */; };
		98E6D49023DFFA5400C37E9F /* Main.storyboard in Resources */ = {isa = PBXBuildFile; fileRef = 98E6D48E23DFFA5400C37E9F /* Main.storyboard */; };
		98E6D49223DFFA5500C37E9F /* Assets.xcassets in Resources */ = {isa = PBXBuildFile; fileRef = 98E6D49123DFFA5500C37E9F /* Assets.xcassets */; };
		98E6D49523DFFA5500C37E9F /* LaunchScreen.storyboard in Resources */ = {isa = PBXBuildFile; fileRef = 98E6D49323DFFA5500C37E9F /* LaunchScreen.storyboard */; };
		98E6D4A023DFFA5500C37E9F /* FlixsterTests.swift in Sources */ = {isa = PBXBuildFile; fileRef = 98E6D49F23DFFA5500C37E9F /* FlixsterTests.swift */; };
		98E6D4AB23DFFA5500C37E9F /* FlixsterUITests.swift in Sources */ = {isa = PBXBuildFile; fileRef = 98E6D4AA23DFFA5500C37E9F /* FlixsterUITests.swift */; };
/* End PBXBuildFile section */

/* Begin PBXContainerItemProxy section */
		98E6D49C23DFFA5500C37E9F /* PBXContainerItemProxy */ = {
			isa = PBXContainerItemProxy;
			containerPortal = 98E6D47D23DFFA5400C37E9F /* Project object */;
			proxyType = 1;
			remoteGlobalIDString = 98E6D48423DFFA5400C37E9F;
			remoteInfo = Flixster;
		};
		98E6D4A723DFFA5500C37E9F /* PBXContainerItemProxy */ = {
			isa = PBXContainerItemProxy;
			containerPortal = 98E6D47D23DFFA5400C37E9F /* Project object */;
			proxyType = 1;
			remoteGlobalIDString = 98E6D48423DFFA5400C37E9F;
			remoteInfo = Flixster;
		};
/* End PBXContainerItemProxy section */

/* Begin PBXFileReference section */
		98E6D48523DFFA5400C37E9F /* Flixster.app */ = {isa = PBXFileReference; explicitFileType = wrapper.application; includeInIndex = 0; path = Flixster.app; sourceTree = BUILT_PRODUCTS_DIR; };
		98E6D48823DFFA5400C37E9F /* AppDelegate.swift */ = {isa = PBXFileReference; lastKnownFileType = sourcecode.swift; path = AppDelegate.swift; sourceTree = "<group>"; };
		98E6D48A23DFFA5400C37E9F /* SceneDelegate.swift */ = {isa = PBXFileReference; lastKnownFileType = sourcecode.swift; path = SceneDelegate.swift; sourceTree = "<group>"; };
		98E6D48C23DFFA5400C37E9F /* ViewController.swift */ = {isa = PBXFileReference; lastKnownFileType = sourcecode.swift; path = ViewController.swift; sourceTree = "<group>"; };
		98E6D48F23DFFA5400C37E9F /* Base */ = {isa = PBXFileReference; lastKnownFileType = file.storyboard; name = Base; path = Base.lproj/Main.storyboard; sourceTree = "<group>"; };
		98E6D49123DFFA5500C37E9F /* Assets.xcassets */ = {isa = PBXFileReference; lastKnownFileType = folder.assetcatalog; path = Assets.xcassets; sourceTree = "<group>"; };
		98E6D49423DFFA5500C37E9F /* Base */ = {isa = PBXFileReference; lastKnownFileType = file.storyboard; name = Base; path = Base.lproj/LaunchScreen.storyboard; sourceTree = "<group>"; };
		98E6D49623DFFA5500C37E9F /* Info.plist */ = {isa = PBXFileReference; lastKnownFileType = text.plist.xml; path = Info.plist; sourceTree = "<group>"; };
		98E6D49B23DFFA5500C37E9F /* FlixsterTests.xctest */ = {isa = PBXFileReference; explicitFileType = wrapper.cfbundle; includeInIndex = 0; path = FlixsterTests.xctest; sourceTree = BUILT_PRODUCTS_DIR; };
		98E6D49F23DFFA5500C37E9F /* FlixsterTests.swift */ = {isa = PBXFileReference; lastKnownFileType = sourcecode.swift; path = FlixsterTests.swift; sourceTree = "<group>"; };
		98E6D4A123DFFA5500C37E9F /* Info.plist */ = {isa = PBXFileReference; lastKnownFileType = text.plist.xml; path = Info.plist; sourceTree = "<group>"; };
		98E6D4A623DFFA5500C37E9F /* FlixsterUITests.xctest */ = {isa = PBXFileReference; explicitFileType = wrapper.cfbundle; includeInIndex = 0; path = FlixsterUITests.xctest; sourceTree = BUILT_PRODUCTS_DIR; };
		98E6D4AA23DFFA5500C37E9F /* FlixsterUITests.swift */ = {isa = PBXFileReference; lastKnownFileType = sourcecode.swift; path = FlixsterUITests.swift; sourceTree = "<group>"; };
		98E6D4AC23DFFA5500C37E9F /* Info.plist */ = {isa = PBXFileReference; lastKnownFileType = text.plist.xml; path = Info.plist; sourceTree = "<group>"; };
/* End PBXFileReference section */

/* Begin PBXFrameworksBuildPhase section */
		98E6D48223DFFA5400C37E9F /* Frameworks */ = {
			isa = PBXFrameworksBuildPhase;
			buildActionMask = 2147483647;
			files = (
			);
			runOnlyForDeploymentPostprocessing = 0;
		};
		98E6D49823DFFA5500C37E9F /* Frameworks */ = {
			isa = PBXFrameworksBuildPhase;
			buildActionMask = 2147483647;
			files = (
			);
			runOnlyForDeploymentPostprocessing = 0;
		};
		98E6D4A323DFFA5500C37E9F /* Frameworks */ = {
			isa = PBXFrameworksBuildPhase;
			buildActionMask = 2147483647;
			files = (
			);
			runOnlyForDeploymentPostprocessing = 0;
		};
/* End PBXFrameworksBuildPhase section */

/* Begin PBXGroup section */
		98E6D47C23DFFA5400C37E9F = {
			isa = PBXGroup;
			children = (
				98E6D48723DFFA5400C37E9F /* Flixster */,
				98E6D49E23DFFA5500C37E9F /* FlixsterTests */,
				98E6D4A923DFFA5500C37E9F /* FlixsterUITests */,
				98E6D48623DFFA5400C37E9F /* Products */,
			);
			sourceTree = "<group>";
		};
		98E6D48623DFFA5400C37E9F /* Products */ = {
			isa = PBXGroup;
			children = (
				98E6D48523DFFA5400C37E9F /* Flixster.app */,
				98E6D49B23DFFA5500C37E9F /* FlixsterTests.xctest */,
				98E6D4A623DFFA5500C37E9F /* FlixsterUITests.xctest */,
			);
			name = Products;
			sourceTree = "<group>";
		};
		98E6D48723DFFA5400C37E9F /* Flixster */ = {
			isa = PBXGroup;
			children = (
				98E6D48823DFFA5400C37E9F /* AppDelegate.swift */,
				98E6D48A23DFFA5400C37E9F /* SceneDelegate.swift */,
				98E6D48C23DFFA5400C37E9F /* ViewController.swift */,
				98E6D48E23DFFA5400C37E9F /* Main.storyboard */,
				98E6D49123DFFA5500C37E9F /* Assets.xcassets */,
				98E6D49323DFFA5500C37E9F /* LaunchScreen.storyboard */,
				98E6D49623DFFA5500C37E9F /* Info.plist */,
			);
			path = Flixster;
			sourceTree = "<group>";
		};
		98E6D49E23DFFA5500C37E9F /* FlixsterTests */ = {
			isa = PBXGroup;
			children = (
				98E6D49F23DFFA5500C37E9F /* FlixsterTests.swift */,
				98E6D4A123DFFA5500C37E9F /* Info.plist */,
			);
			path = FlixsterTests;
			sourceTree = "<group>";
		};
		98E6D4A923DFFA5500C37E9F /* FlixsterUITests */ = {
			isa = PBXGroup;
			children = (
				98E6D4AA23DFFA5500C37E9F /* FlixsterUITests.swift */,
				98E6D4AC23DFFA5500C37E9F /* Info.plist */,
			);
			path = FlixsterUITests;
			sourceTree = "<group>";
		};
/* End PBXGroup section */

/* Begin PBXNativeTarget section */
		98E6D48423DFFA5400C37E9F /* Flixster */ = {
			isa = PBXNativeTarget;
			buildConfigurationList = 98E6D4AF23DFFA5500C37E9F /* Build configuration list for PBXNativeTarget "Flixster" */;
			buildPhases = (
				98E6D48123DFFA5400C37E9F /* Sources */,
				98E6D48223DFFA5400C37E9F /* Frameworks */,
				98E6D48323DFFA5400C37E9F /* Resources */,
			);
			buildRules = (
			);
			dependencies = (
			);
			name = Flixster;
			productName = Flixster;
			productReference = 98E6D48523DFFA5400C37E9F /* Flixster.app */;
			productType = "com.apple.product-type.application";
		};
		98E6D49A23DFFA5500C37E9F /* FlixsterTests */ = {
			isa = PBXNativeTarget;
			buildConfigurationList = 98E6D4B223DFFA5500C37E9F /* Build configuration list for PBXNativeTarget "FlixsterTests" */;
			buildPhases = (
				98E6D49723DFFA5500C37E9F /* Sources */,
				98E6D49823DFFA5500C37E9F /* Frameworks */,
				98E6D49923DFFA5500C37E9F /* Resources */,
			);
			buildRules = (
			);
			dependencies = (
				98E6D49D23DFFA5500C37E9F /* PBXTargetDependency */,
			);
			name = FlixsterTests;
			productName = FlixsterTests;
			productReference = 98E6D49B23DFFA5500C37E9F /* FlixsterTests.xctest */;
			productType = "com.apple.product-type.bundle.unit-test";
		};
		98E6D4A523DFFA5500C37E9F /* FlixsterUITests */ = {
			isa = PBXNativeTarget;
			buildConfigurationList = 98E6D4B523DFFA5500C37E9F /* Build configuration list for PBXNativeTarget "FlixsterUITests" */;
			buildPhases = (
				98E6D4A223DFFA5500C37E9F /* Sources */,
				98E6D4A323DFFA5500C37E9F /* Frameworks */,
				98E6D4A423DFFA5500C37E9F /* Resources */,
			);
			buildRules = (
			);
			dependencies = (
				98E6D4A823DFFA5500C37E9F /* PBXTargetDependency */,
			);
			name = FlixsterUITests;
			productName = FlixsterUITests;
			productReference = 98E6D4A623DFFA5500C37E9F /* FlixsterUITests.xctest */;
			productType = "com.apple.product-type.bundle.ui-testing";
		};
/* End PBXNativeTarget section */

/* Begin PBXProject section */
		98E6D47D23DFFA5400C37E9F /* Project object */ = {
			isa = PBXProject;
			attributes = {
				LastSwiftUpdateCheck = 1110;
				LastUpgradeCheck = 1110;
				ORGANIZATIONNAME = "Fabian Cooper";
				TargetAttributes = {
					98E6D48423DFFA5400C37E9F = {
						CreatedOnToolsVersion = 11.1;
					};
					98E6D49A23DFFA5500C37E9F = {
						CreatedOnToolsVersion = 11.1;
						TestTargetID = 98E6D48423DFFA5400C37E9F;
					};
					98E6D4A523DFFA5500C37E9F = {
						CreatedOnToolsVersion = 11.1;
						TestTargetID = 98E6D48423DFFA5400C37E9F;
					};
				};
			};
			buildConfigurationList = 98E6D48023DFFA5400C37E9F /* Build configuration list for PBXProject "Flixster" */;
			compatibilityVersion = "Xcode 9.3";
			developmentRegion = en;
			hasScannedForEncodings = 0;
			knownRegions = (
				en,
				Base,
			);
			mainGroup = 98E6D47C23DFFA5400C37E9F;
			productRefGroup = 98E6D48623DFFA5400C37E9F /* Products */;
			projectDirPath = "";
			projectRoot = "";
			targets = (
				98E6D48423DFFA5400C37E9F /* Flixster */,
				98E6D49A23DFFA5500C37E9F /* FlixsterTests */,
				98E6D4A523DFFA5500C37E9F /* FlixsterUITests */,
			);
		};
/* End PBXProject section */

/* Begin PBXResourcesBuildPhase section */
		98E6D48323DFFA5400C37E9F /* Resources */ = {
			isa = PBXResourcesBuildPhase;
			buildActionMask = 2147483647;
			files = (
				98E6D49523DFFA5500C37E9F /* LaunchScreen.storyboard in Resources */,
				98E6D49223DFFA5500C37E9F /* Assets.xcassets in Resources */,
				98E6D49023DFFA5400C37E9F /* Main.storyboard in Resources */,
			);
			runOnlyForDeploymentPostprocessing = 0;
		};
		98E6D49923DFFA5500C37E9F /* Resources */ = {
			isa = PBXResourcesBuildPhase;
			buildActionMask = 2147483647;
			files = (
			);
			runOnlyForDeploymentPostprocessing = 0;
		};
		98E6D4A423DFFA5500C37E9F /* Resources */ = {
			isa = PBXResourcesBuildPhase;
			buildActionMask = 2147483647;
			files = (
			);
			runOnlyForDeploymentPostprocessing = 0;
		};
/* End PBXResourcesBuildPhase section */

/* Begin PBXSourcesBuildPhase section */
		98E6D48123DFFA5400C37E9F /* Sources */ = {
			isa = PBXSourcesBuildPhase;
			buildActionMask = 2147483647;
			files = (
				98E6D48D23DFFA5400C37E9F /* ViewController.swift in Sources */,
				98E6D48923DFFA5400C37E9F /* AppDelegate.swift in Sources */,
				98E6D48B23DFFA5400C37E9F /* SceneDelegate.swift in Sources */,
			);
			runOnlyForDeploymentPostprocessing = 0;
		};
		98E6D49723DFFA5500C37E9F /* Sources */ = {
			isa = PBXSourcesBuildPhase;
			buildActionMask = 2147483647;
			files = (
				98E6D4A023DFFA5500C37E9F /* FlixsterTests.swift in Sources */,
			);
			runOnlyForDeploymentPostprocessing = 0;
		};
		98E6D4A223DFFA5500C37E9F /* Sources */ = {
			isa = PBXSourcesBuildPhase;
			buildActionMask = 2147483647;
			files = (
				98E6D4AB23DFFA5500C37E9F /* FlixsterUITests.swift in Sources */,
			);
			runOnlyForDeploymentPostprocessing = 0;
		};
/* End PBXSourcesBuildPhase section */

/* Begin PBXTargetDependency section */
		98E6D49D23DFFA5500C37E9F /* PBXTargetDependency */ = {
			isa = PBXTargetDependency;
			target = 98E6D48423DFFA5400C37E9F /* Flixster */;
			targetProxy = 98E6D49C23DFFA5500C37E9F /* PBXContainerItemProxy */;
		};
		98E6D4A823DFFA5500C37E9F /* PBXTargetDependency */ = {
			isa = PBXTargetDependency;
			target = 98E6D48423DFFA5400C37E9F /* Flixster */;
			targetProxy = 98E6D4A723DFFA5500C37E9F /* PBXContainerItemProxy */;
		};
/* End PBXTargetDependency section */

/* Begin PBXVariantGroup section */
		98E6D48E23DFFA5400C37E9F /* Main.storyboard */ = {
			isa = PBXVariantGroup;
			children = (
				98E6D48F23DFFA5400C37E9F /* Base */,
			);
			name = Main.storyboard;
			sourceTree = "<group>";
		};
		98E6D49323DFFA5500C37E9F /* LaunchScreen.storyboard */ = {
			isa = PBXVariantGroup;
			children = (
				98E6D49423DFFA5500C37E9F /* Base */,
			);
			name = LaunchScreen.storyboard;
			sourceTree = "<group>";
		};
/* End PBXVariantGroup section */

/* Begin XCBuildConfiguration section */
		98E6D4AD23DFFA5500C37E9F /* Debug */ = {
			isa = XCBuildConfiguration;
			buildSettings = {
				ALWAYS_SEARCH_USER_PATHS = NO;
				CLANG_ANALYZER_NONNULL = YES;
				CLANG_ANALYZER_NUMBER_OBJECT_CONVERSION = YES_AGGRESSIVE;
				CLANG_CXX_LANGUAGE_STANDARD = "gnu++14";
				CLANG_CXX_LIBRARY = "libc++";
				CLANG_ENABLE_MODULES = YES;
				CLANG_ENABLE_OBJC_ARC = YES;
				CLANG_ENABLE_OBJC_WEAK = YES;
				CLANG_WARN_BLOCK_CAPTURE_AUTORELEASING = YES;
				CLANG_WARN_BOOL_CONVERSION = YES;
				CLANG_WARN_COMMA = YES;
				CLANG_WARN_CONSTANT_CONVERSION = YES;
				CLANG_WARN_DEPRECATED_OBJC_IMPLEMENTATIONS = YES;
				CLANG_WARN_DIRECT_OBJC_ISA_USAGE = YES_ERROR;
				CLANG_WARN_DOCUMENTATION_COMMENTS = YES;
				CLANG_WARN_EMPTY_BODY = YES;
				CLANG_WARN_ENUM_CONVERSION = YES;
				CLANG_WARN_INFINITE_RECURSION = YES;
				CLANG_WARN_INT_CONVERSION = YES;
				CLANG_WARN_NON_LITERAL_NULL_CONVERSION = YES;
				CLANG_WARN_OBJC_IMPLICIT_RETAIN_SELF = YES;
				CLANG_WARN_OBJC_LITERAL_CONVERSION = YES;
				CLANG_WARN_OBJC_ROOT_CLASS = YES_ERROR;
				CLANG_WARN_RANGE_LOOP_ANALYSIS = YES;
				CLANG_WARN_STRICT_PROTOTYPES = YES;
				CLANG_WARN_SUSPICIOUS_MOVE = YES;
				CLANG_WARN_UNGUARDED_AVAILABILITY = YES_AGGRESSIVE;
				CLANG_WARN_UNREACHABLE_CODE = YES;
				CLANG_WARN__DUPLICATE_METHOD_MATCH = YES;
				COPY_PHASE_STRIP = NO;
				DEBUG_INFORMATION_FORMAT = dwarf;
				ENABLE_STRICT_OBJC_MSGSEND = YES;
				ENABLE_TESTABILITY = YES;
				GCC_C_LANGUAGE_STANDARD = gnu11;
				GCC_DYNAMIC_NO_PIC = NO;
				GCC_NO_COMMON_BLOCKS = YES;
				GCC_OPTIMIZATION_LEVEL = 0;
				GCC_PREPROCESSOR_DEFINITIONS = (
					"DEBUG=1",
					"$(inherited)",
				);
				GCC_WARN_64_TO_32_BIT_CONVERSION = YES;
				GCC_WARN_ABOUT_RETURN_TYPE = YES_ERROR;
				GCC_WARN_UNDECLARED_SELECTOR = YES;
				GCC_WARN_UNINITIALIZED_AUTOS = YES_AGGRESSIVE;
				GCC_WARN_UNUSED_FUNCTION = YES;
				GCC_WARN_UNUSED_VARIABLE = YES;
				IPHONEOS_DEPLOYMENT_TARGET = 13.1;
				MTL_ENABLE_DEBUG_INFO = INCLUDE_SOURCE;
				MTL_FAST_MATH = YES;
				ONLY_ACTIVE_ARCH = YES;
				SDKROOT = iphoneos;
				SWIFT_ACTIVE_COMPILATION_CONDITIONS = DEBUG;
				SWIFT_OPTIMIZATION_LEVEL = "-Onone";
			};
			name = Debug;
		};
		98E6D4AE23DFFA5500C37E9F /* Release */ = {
			isa = XCBuildConfiguration;
			buildSettings = {
				ALWAYS_SEARCH_USER_PATHS = NO;
				CLANG_ANALYZER_NONNULL = YES;
				CLANG_ANALYZER_NUMBER_OBJECT_CONVERSION = YES_AGGRESSIVE;
				CLANG_CXX_LANGUAGE_STANDARD = "gnu++14";
				CLANG_CXX_LIBRARY = "libc++";
				CLANG_ENABLE_MODULES = YES;
				CLANG_ENABLE_OBJC_ARC = YES;
				CLANG_ENABLE_OBJC_WEAK = YES;
				CLANG_WARN_BLOCK_CAPTURE_AUTORELEASING = YES;
				CLANG_WARN_BOOL_CONVERSION = YES;
				CLANG_WARN_COMMA = YES;
				CLANG_WARN_CONSTANT_CONVERSION = YES;
				CLANG_WARN_DEPRECATED_OBJC_IMPLEMENTATIONS = YES;
				CLANG_WARN_DIRECT_OBJC_ISA_USAGE = YES_ERROR;
				CLANG_WARN_DOCUMENTATION_COMMENTS = YES;
				CLANG_WARN_EMPTY_BODY = YES;
				CLANG_WARN_ENUM_CONVERSION = YES;
				CLANG_WARN_INFINITE_RECURSION = YES;
				CLANG_WARN_INT_CONVERSION = YES;
				CLANG_WARN_NON_LITERAL_NULL_CONVERSION = YES;
				CLANG_WARN_OBJC_IMPLICIT_RETAIN_SELF = YES;
				CLANG_WARN_OBJC_LITERAL_CONVERSION = YES;
				CLANG_WARN_OBJC_ROOT_CLASS = YES_ERROR;
				CLANG_WARN_RANGE_LOOP_ANALYSIS = YES;
				CLANG_WARN_STRICT_PROTOTYPES = YES;
				CLANG_WARN_SUSPICIOUS_MOVE = YES;
				CLANG_WARN_UNGUARDED_AVAILABILITY = YES_AGGRESSIVE;
				CLANG_WARN_UNREACHABLE_CODE = YES;
				CLANG_WARN__DUPLICATE_METHOD_MATCH = YES;
				COPY_PHASE_STRIP = NO;
				DEBUG_INFORMATION_FORMAT = "dwarf-with-dsym";
				ENABLE_NS_ASSERTIONS = NO;
				ENABLE_STRICT_OBJC_MSGSEND = YES;
				GCC_C_LANGUAGE_STANDARD = gnu11;
				GCC_NO_COMMON_BLOCKS = YES;
				GCC_WARN_64_TO_32_BIT_CONVERSION = YES;
				GCC_WARN_ABOUT_RETURN_TYPE = YES_ERROR;
				GCC_WARN_UNDECLARED_SELECTOR = YES;
				GCC_WARN_UNINITIALIZED_AUTOS = YES_AGGRESSIVE;
				GCC_WARN_UNUSED_FUNCTION = YES;
				GCC_WARN_UNUSED_VARIABLE = YES;
				IPHONEOS_DEPLOYMENT_TARGET = 13.1;
				MTL_ENABLE_DEBUG_INFO = NO;
				MTL_FAST_MATH = YES;
				SDKROOT = iphoneos;
				SWIFT_COMPILATION_MODE = wholemodule;
				SWIFT_OPTIMIZATION_LEVEL = "-O";
				VALIDATE_PRODUCT = YES;
			};
			name = Release;
		};
		98E6D4B023DFFA5500C37E9F /* Debug */ = {
			isa = XCBuildConfiguration;
			buildSettings = {
				ASSETCATALOG_COMPILER_APPICON_NAME = AppIcon;
				CODE_SIGN_STYLE = Automatic;
				INFOPLIST_FILE = Flixster/Info.plist;
				LD_RUNPATH_SEARCH_PATHS = (
					"$(inherited)",
					"@executable_path/Frameworks",
				);
				PRODUCT_BUNDLE_IDENTIFIER = OS.Flixster;
				PRODUCT_NAME = "$(TARGET_NAME)";
				SWIFT_VERSION = 5.0;
				TARGETED_DEVICE_FAMILY = "1,2";
			};
			name = Debug;
		};
		98E6D4B123DFFA5500C37E9F /* Release */ = {
			isa = XCBuildConfiguration;
			buildSettings = {
				ASSETCATALOG_COMPILER_APPICON_NAME = AppIcon;
				CODE_SIGN_STYLE = Automatic;
				INFOPLIST_FILE = Flixster/Info.plist;
				LD_RUNPATH_SEARCH_PATHS = (
					"$(inherited)",
					"@executable_path/Frameworks",
				);
				PRODUCT_BUNDLE_IDENTIFIER = OS.Flixster;
				PRODUCT_NAME = "$(TARGET_NAME)";
				SWIFT_VERSION = 5.0;
				TARGETED_DEVICE_FAMILY = "1,2";
			};
			name = Release;
		};
		98E6D4B323DFFA5500C37E9F /* Debug */ = {
			isa = XCBuildConfiguration;
			buildSettings = {
				ALWAYS_EMBED_SWIFT_STANDARD_LIBRARIES = YES;
				BUNDLE_LOADER = "$(TEST_HOST)";
				CODE_SIGN_STYLE = Automatic;
				INFOPLIST_FILE = FlixsterTests/Info.plist;
				IPHONEOS_DEPLOYMENT_TARGET = 13.1;
				LD_RUNPATH_SEARCH_PATHS = (
					"$(inherited)",
					"@executable_path/Frameworks",
					"@loader_path/Frameworks",
				);
				PRODUCT_BUNDLE_IDENTIFIER = OS.FlixsterTests;
				PRODUCT_NAME = "$(TARGET_NAME)";
				SWIFT_VERSION = 5.0;
				TARGETED_DEVICE_FAMILY = "1,2";
				TEST_HOST = "$(BUILT_PRODUCTS_DIR)/Flixster.app/Flixster";
			};
			name = Debug;
		};
		98E6D4B423DFFA5500C37E9F /* Release */ = {
			isa = XCBuildConfiguration;
			buildSettings = {
				ALWAYS_EMBED_SWIFT_STANDARD_LIBRARIES = YES;
				BUNDLE_LOADER = "$(TEST_HOST)";
				CODE_SIGN_STYLE = Automatic;
				INFOPLIST_FILE = FlixsterTests/Info.plist;
				IPHONEOS_DEPLOYMENT_TARGET = 13.1;
				LD_RUNPATH_SEARCH_PATHS = (
					"$(inherited)",
					"@executable_path/Frameworks",
					"@loader_path/Frameworks",
				);
				PRODUCT_BUNDLE_IDENTIFIER = OS.FlixsterTests;
				PRODUCT_NAME = "$(TARGET_NAME)";
				SWIFT_VERSION = 5.0;
				TARGETED_DEVICE_FAMILY = "1,2";
				TEST_HOST = "$(BUILT_PRODUCTS_DIR)/Flixster.app/Flixster";
			};
			name = Release;
		};
		98E6D4B623DFFA5500C37E9F /* Debug */ = {
			isa = XCBuildConfiguration;
			buildSettings = {
				ALWAYS_EMBED_SWIFT_STANDARD_LIBRARIES = YES;
				CODE_SIGN_STYLE = Automatic;
				INFOPLIST_FILE = FlixsterUITests/Info.plist;
				LD_RUNPATH_SEARCH_PATHS = (
					"$(inherited)",
					"@executable_path/Frameworks",
					"@loader_path/Frameworks",
				);
				PRODUCT_BUNDLE_IDENTIFIER = OS.FlixsterUITests;
				PRODUCT_NAME = "$(TARGET_NAME)";
				SWIFT_VERSION = 5.0;
				TARGETED_DEVICE_FAMILY = "1,2";
				TEST_TARGET_NAME = Flixster;
			};
			name = Debug;
		};
		98E6D4B723DFFA5500C37E9F /* Release */ = {
			isa = XCBuildConfiguration;
			buildSettings = {
				ALWAYS_EMBED_SWIFT_STANDARD_LIBRARIES = YES;
				CODE_SIGN_STYLE = Automatic;
				INFOPLIST_FILE = FlixsterUITests/Info.plist;
				LD_RUNPATH_SEARCH_PATHS = (
					"$(inherited)",
					"@executable_path/Frameworks",
					"@loader_path/Frameworks",
				);
				PRODUCT_BUNDLE_IDENTIFIER = OS.FlixsterUITests;
				PRODUCT_NAME = "$(TARGET_NAME)";
				SWIFT_VERSION = 5.0;
				TARGETED_DEVICE_FAMILY = "1,2";
				TEST_TARGET_NAME = Flixster;
			};
			name = Release;
		};
/* End XCBuildConfiguration section */

/* Begin XCConfigurationList section */
		98E6D48023DFFA5400C37E9F /* Build configuration list for PBXProject "Flixster" */ = {
			isa = XCConfigurationList;
			buildConfigurations = (
				98E6D4AD23DFFA5500C37E9F /* Debug */,
				98E6D4AE23DFFA5500C37E9F /* Release */,
			);
			defaultConfigurationIsVisible = 0;
			defaultConfigurationName = Release;
		};
		98E6D4AF23DFFA5500C37E9F /* Build configuration list for PBXNativeTarget "Flixster" */ = {
			isa = XCConfigurationList;
			buildConfigurations = (
				98E6D4B023DFFA5500C37E9F /* Debug */,
				98E6D4B123DFFA5500C37E9F /* Release */,
			);
			defaultConfigurationIsVisible = 0;
			defaultConfigurationName = Release;
		};
		98E6D4B223DFFA5500C37E9F /* Build configuration list for PBXNativeTarget "FlixsterTests" */ = {
			isa = XCConfigurationList;
			buildConfigurations = (
				98E6D4B323DFFA5500C37E9F /* Debug */,
				98E6D4B423DFFA5500C37E9F /* Release */,
			);
			defaultConfigurationIsVisible = 0;
			defaultConfigurationName = Release;
		};
		98E6D4B523DFFA5500C37E9F /* Build configuration list for PBXNativeTarget "FlixsterUITests" */ = {
			isa = XCConfigurationList;
			buildConfigurations = (
				98E6D4B623DFFA5500C37E9F /* Debug */,
				98E6D4B723DFFA5500C37E9F /* Release */,
			);
			defaultConfigurationIsVisible = 0;
			defaultConfigurationName = Release;
		};
/* End XCConfigurationList section */
	};
	rootObject = 98E6D47D23DFFA5400C37E9F /* Project object */;
}
